<Solution>
  <Folder Name="/Sites/">
    <Project Path="test/Commerce.Site/Commerce.Site.csproj" />
  </Folder>
  <Folder Name="/Solution Items/">
    <File Path=".gitignore" />
    <File Path="azure-pipelines.yml" />
    <File Path="LICENSE.md" />
    <File Path="NuGet.config" />
    <File Path="README.md" />
  </Folder>
  <Project Path="src/uSync.Umbraco.Commerce/uSync.Umbraco.Commerce.csproj" />
</Solution>
